
Microsoft Visual Studio Solution File, Format Version 12.00
# Visual Studio Version 16
VisualStudioVersion = 16.0.29102.190
MinimumVisualStudioVersion = 10.0.40219.1
Project("{9A19103F-16F7-4668-BE54-9A1E7A4F7556}") = "kata1_StringCalculator", "kata1_StringCalculator\kata1_StringCalculator.csproj", "{7300452E-FDAB-4CB4-B37B-E5CA01BC12A1}"
EndProject
Project("{9A19103F-16F7-4668-BE54-9A1E7A4F7556}") = "StringCalculatorTests", "StringCalculatorTests\StringCalculatorTests.csproj", "{1334EE70-0E91-4A56-BEFE-BF475DA733F4}"
EndProject
Global
	GlobalSection(SolutionConfigurationPlatforms) = preSolution
		Debug|Any CPU = Debug|Any CPU
		Release|Any CPU = Release|Any CPU
	EndGlobalSection
	GlobalSection(ProjectConfigurationPlatforms) = postSolution
		{7300452E-FDAB-4CB4-B37B-E5CA01BC12A1}.Debug|Any CPU.ActiveCfg = Debug|Any CPU
		{7300452E-FDAB-4CB4-B37B-E5CA01BC12A1}.Debug|Any CPU.Build.0 = Debug|Any CPU
		{7300452E-FDAB-4CB4-B37B-E5CA01BC12A1}.Release|Any CPU.ActiveCfg = Release|Any CPU
		{7300452E-FDAB-4CB4-B37B-E5CA01BC12A1}.Release|Any CPU.Build.0 = Release|Any CPU
		{1334EE70-0E91-4A56-BEFE-BF475DA733F4}.Debug|Any CPU.ActiveCfg = Debug|Any CPU
		{1334EE70-0E91-4A56-BEFE-BF475DA733F4}.Debug|Any CPU.Build.0 = Debug|Any CPU
		{1334EE70-0E91-4A56-BEFE-BF475DA733F4}.Release|Any CPU.ActiveCfg = Release|Any CPU
		{1334EE70-0E91-4A56-BEFE-BF475DA733F4}.Release|Any CPU.Build.0 = Release|Any CPU
	EndGlobalSection
	GlobalSection(SolutionProperties) = preSolution
		HideSolutionNode = FALSE
	EndGlobalSection
	GlobalSection(ExtensibilityGlobals) = postSolution
		SolutionGuid = {53BA39BC-15FB-427B-82ED-5C5A950E5A53}
	EndGlobalSection
EndGlobal
